{
  "requires": true,
  "lockfileVersion": 1,
  "dependencies": {
    "checklist-model": {
      "version": "1.0.0",
      "resolved": "https://registry.npmjs.org/checklist-model/-/checklist-model-1.0.0.tgz",
      "integrity": "sha512-ZDaTrfKeUSleZjyNqTjD1+QKU6iK1qlXH1GwixX59xEKPiRFu4anDh0U8brNjjEef+SM6vyQb87YWhI5CU8eNg=="
    }
  }
}
